
Microsoft Visual Studio Solution File, Format Version 12.00
# Visual Studio Version 17
VisualStudioVersion = 17.5.33414.496
MinimumVisualStudioVersion = 10.0.40219.1
Project("{FAE04EC0-301F-11D3-BF4B-00C04F79EFBC}") = "EmployeesPair", "EmployeesPair\EmployeesPair.csproj", "{EA16101F-3DB8-407A-BA74-AA4D0F71DF24}"
EndProject
Global
	GlobalSection(SolutionConfigurationPlatforms) = preSolution
		Debug|Any CPU = Debug|Any CPU
		Release|Any CPU = Release|Any CPU
	EndGlobalSection
	GlobalSection(ProjectConfigurationPlatforms) = postSolution
		{EA16101F-3DB8-407A-BA74-AA4D0F71DF24}.Debug|Any CPU.ActiveCfg = Debug|Any CPU
		{EA16101F-3DB8-407A-BA74-AA4D0F71DF24}.Debug|Any CPU.Build.0 = Debug|Any CPU
		{EA16101F-3DB8-407A-BA74-AA4D0F71DF24}.Release|Any CPU.ActiveCfg = Release|Any CPU
		{EA16101F-3DB8-407A-BA74-AA4D0F71DF24}.Release|Any CPU.Build.0 = Release|Any CPU
	EndGlobalSection
	GlobalSection(SolutionProperties) = preSolution
		HideSolutionNode = FALSE
	EndGlobalSection
	GlobalSection(ExtensibilityGlobals) = postSolution
		SolutionGuid = {F8C6ABF2-2A8A-4C9A-AABA-6B28C61BC44C}
	EndGlobalSection
EndGlobal
